
Microsoft Visual Studio Solution File, Format Version 12.00
# Visual Studio Version 16
VisualStudioVersion = 16.0.31727.386
MinimumVisualStudioVersion = 10.0.40219.1
Project("{FAE04EC0-301F-11D3-BF4B-00C04F79EFBC}") = "BlockClocksWindows", "BlockClocksWindows.csproj", "{C128C671-D8BC-4F5B-B21C-65AE3C1B47D9}"
EndProject
Global
	GlobalSection(SolutionConfigurationPlatforms) = preSolution
		Debug|Any CPU = Debug|Any CPU
		Release|Any CPU = Release|Any CPU
	EndGlobalSection
	GlobalSection(ProjectConfigurationPlatforms) = postSolution
		{C128C671-D8BC-4F5B-B21C-65AE3C1B47D9}.Debug|Any CPU.ActiveCfg = Debug|Any CPU
		{C128C671-D8BC-4F5B-B21C-65AE3C1B47D9}.Debug|Any CPU.Build.0 = Debug|Any CPU
		{C128C671-D8BC-4F5B-B21C-65AE3C1B47D9}.Release|Any CPU.ActiveCfg = Release|Any CPU
		{C128C671-D8BC-4F5B-B21C-65AE3C1B47D9}.Release|Any CPU.Build.0 = Release|Any CPU
	EndGlobalSection
	GlobalSection(SolutionProperties) = preSolution
		HideSolutionNode = FALSE
	EndGlobalSection
	GlobalSection(ExtensibilityGlobals) = postSolution
		SolutionGuid = {F8761EA5-57FC-4610-B79E-22A66528B1EC}
	EndGlobalSection
EndGlobal
